
Microsoft Visual Studio Solution File, Format Version 12.00
# Visual Studio Version 16
VisualStudioVersion = 16.0.809.10
MinimumVisualStudioVersion = 10.0.40219.1
Project("{FAE04EC0-301F-11D3-BF4B-00C04F79EFBC}") = "w3_exercises", "w3_exercises\w3_exercises.csproj", "{0E1D7045-99E5-453D-9B5C-BEB7C6D79F81}"
EndProject
Global
	GlobalSection(SolutionConfigurationPlatforms) = preSolution
		Debug|Any CPU = Debug|Any CPU
		Release|Any CPU = Release|Any CPU
	EndGlobalSection
	GlobalSection(ProjectConfigurationPlatforms) = postSolution
		{0E1D7045-99E5-453D-9B5C-BEB7C6D79F81}.Debug|Any CPU.ActiveCfg = Debug|Any CPU
		{0E1D7045-99E5-453D-9B5C-BEB7C6D79F81}.Debug|Any CPU.Build.0 = Debug|Any CPU
		{0E1D7045-99E5-453D-9B5C-BEB7C6D79F81}.Release|Any CPU.ActiveCfg = Release|Any CPU
		{0E1D7045-99E5-453D-9B5C-BEB7C6D79F81}.Release|Any CPU.Build.0 = Release|Any CPU
	EndGlobalSection
	GlobalSection(SolutionProperties) = preSolution
		HideSolutionNode = FALSE
	EndGlobalSection
	GlobalSection(ExtensibilityGlobals) = postSolution
		SolutionGuid = {494740E2-0C44-44ED-8437-28FFF986A168}
	EndGlobalSection
EndGlobal
